{
  "requires": true,
  "lockfileVersion": 1,
  "dependencies": {
    "vue-tweet-embed": {
      "version": "2.1.1",
      "resolved": "https://registry.npmjs.org/vue-tweet-embed/-/vue-tweet-embed-2.1.1.tgz",
      "integrity": "sha512-wTVvHF0yl8Pdf4GiUgUDMGoqs+RyOqN9pxaaQsmolfkrQgxXW5jrjzHAGOKPcdJfIh9kkh/A/4+CgD8LL8GdXQ=="
    }
  }
}
